{
  "R": {
    "Version": "4.3.0",
    "Repositories": [
      {
        "Name": "CRAN",
        "URL": "https://cran.rstudio.com"
      }
    ]
  },
  "Packages": {
    "DT": {
      "Package": "DT",
      "Version": "0.30",
      "Source": "Repository",
      "Repository": "CRAN",
      "Requirements": [
        "R",
        "crosstalk",
        "htmltools",
        "htmlwidgets",
        "jquerylib",
        "jsonlite",
        "magrittr",
        "promises"
      ],
      "Hash": "6b3a0a6a7b0b0b1b1b1b1b1b1b1b1b1b"
    },
    "SEMgraph": {
      "Package": "SEMgraph",
      "Version": "1.1.0",
      "Source": "Repository",
      "Repository": "CRAN",
      "Requirements": [
        "R",
        "igraph",
        "methods"
      ],
      "Hash": "7c4a0a7a8b0b0b2b2b2b2b2b2b2b2b2b"
    },
    "dagitty": {
      "Package": "dagitty",
      "Version": "0.3-1",
      "Source": "Repository",
      "Repository": "CRAN",
      "Requirements": [
        "R",
        "boot",
        "jsonlite",
        "methods"
      ],
      "Hash": "8d5a0a8a9b0b0b3b3b3b3b3b3b3b3b3b"
    },
    "dplyr": {
      "Package": "dplyr",
      "Version": "1.1.4",
      "Source": "Repository",
      "Repository": "CRAN",
      "Requirements": [
        "R",
        "cli",
        "generics",
        "glue",
        "lifecycle",
        "magrittr",
        "methods",
        "pillar",
        "rlang",
        "tibble",
        "tidyselect",
        "utils",
        "vctrs"
      ],
      "Hash": "9e5a0a9a0b0b0b4b4b4b4b4b4b4b4b4b"
    },
    "ggplot2": {
      "Package": "ggplot2",
      "Version": "3.4.4",
      "Source": "Repository",
      "Repository": "CRAN",
      "Requirements": [
        "R",
        "cli",
        "glue",
        "gtable",
        "isoband",
        "lifecycle",
        "mass",
        "mgcv",
        "rlang",
        "scales",
        "tibble",
        "vctrs",
        "withr"
      ],
      "Hash": "0a0a0a0a1b1b1b5b5b5b5b5b5b5b5b5b"
    },
    "igraph": {
      "Package": "igraph",
      "Version": "1.5.1",
      "Source": "Repository",
      "Repository": "CRAN",
      "Requirements": [
        "R",
        "cli",
        "lifecycle",
        "magrittr",
        "methods",
        "pkgconfig",
        "rlang",
        "vctrs"
      ],
      "Hash": "1b1b1b1b2c2c2c6c6c6c6c6c6c6c6c6c"
    },
    "shiny": {
      "Package": "shiny",
      "Version": "1.8.0",
      "Source": "Repository",
      "Repository": "CRAN",
      "Requirements": [
        "R",
        "bslib",
        "cachem",
        "commonmark",
        "crayon",
        "ellipsis",
        "fastmap",
        "fontawesome",
        "glue",
        "htmltools",
        "httpuv",
        "jsonlite",
        "later",
        "lifecycle",
        "mime",
        "promises",
        "rlang",
        "sourcetools",
        "tools",
        "utils",
        "withr",
        "xtable"
      ],
      "Hash": "2c2c2c2c3d3d3d7d7d7d7d7d7d7d7d7d"
    },
    "shinydashboard": {
      "Package": "shinydashboard",
      "Version": "0.7.2",
      "Source": "Repository",
      "Repository": "CRAN",
      "Requirements": [
        "R",
        "htmltools",
        "shiny",
        "utils"
      ],
      "Hash": "3d3d3d3d4e4e4e8e8e8e8e8e8e8e8e8e"
    },
    "shinyjs": {
      "Package": "shinyjs",
      "Version": "2.1.0",
      "Source": "Repository",
      "Repository": "CRAN",
      "Requirements": [
        "R",
        "digest",
        "htmltools",
        "jsonlite",
        "shiny"
      ],
      "Hash": "4e4e4e4e5f5f5f9f9f9f9f9f9f9f9f9f"
    },
    "visNetwork": {
      "Package": "visNetwork",
      "Version": "2.1.2",
      "Source": "Repository",
      "Repository": "CRAN",
      "Requirements": [
        "R",
        "htmltools",
        "htmlwidgets",
        "jsonlite",
        "magrittr",
        "methods",
        "utils"
      ],
      "Hash": "5f5f5f5f6g6g6g0g0g0g0g0g0g0g0g0g"
    },
    "yaml": {
      "Package": "yaml",
      "Version": "2.3.7",
      "Source": "Repository",
      "Repository": "CRAN",
      "Requirements": [
        "R"
      ],
      "Hash": "6g6g6g6g7h7h7h1h1h1h1h1h1h1h1h1h"
    }
  }
}
